// !$*UTF8*$!
{
	archiveVersion = 1;
	classes = {
	};
	objectVersion = 46;
	objects = {

/* Begin PBXBuildFile section */
		CD91921B17A642150004739D /* UIKit.framework in Frameworks */ = {isa = PBXBuildFile; fileRef = CD91921A17A642150004739D /* UIKit.framework */; };
		CD91921D17A642150004739D /* Foundation.framework in Frameworks */ = {isa = PBXBuildFile; fileRef = CD91921C17A642150004739D /* Foundation.framework */; };
		CD91921F17A642150004739D /* CoreGraphics.framework in Frameworks */ = {isa = PBXBuildFile; fileRef = CD91921E17A642150004739D /* CoreGraphics.framework */; };
		CD91922517A642150004739D /* InfoPlist.strings in Resources */ = {isa = PBXBuildFile; fileRef = CD91922317A642150004739D /* InfoPlist.strings */; };
		CD91922717A642150004739D /* main.m in Sources */ = {isa = PBXBuildFile; fileRef = CD91922617A642150004739D /* main.m */; };
		CD91922B17A642150004739D /* GHBCalLoanAppDelegate.m in Sources */ = {isa = PBXBuildFile; fileRef = CD91922A17A642150004739D /* GHBCalLoanAppDelegate.m */; };
		CD91922D17A642150004739D /* Default.png in Resources */ = {isa = PBXBuildFile; fileRef = CD91922C17A642150004739D /* Default.png */; };
		CD91922F17A642150004739D /* Default@2x.png in Resources */ = {isa = PBXBuildFile; fileRef = CD91922E17A642150004739D /* Default@2x.png */; };
		CD91923117A642150004739D /* Default-568h@2x.png in Resources */ = {isa = PBXBuildFile; fileRef = CD91923017A642150004739D /* Default-568h@2x.png */; };
		CD91923417A642150004739D /* MainStoryboard.storyboard in Resources */ = {isa = PBXBuildFile; fileRef = CD91923217A642150004739D /* MainStoryboard.storyboard */; };
		CD91923717A642150004739D /* GHBCalLoanViewController.m in Sources */ = {isa = PBXBuildFile; fileRef = CD91923617A642150004739D /* GHBCalLoanViewController.m */; };
		F51CD74B17A79C830045733D /* libsqlite3.0.dylib in Frameworks */ = {isa = PBXBuildFile; fileRef = F51CD74917A79C830045733D /* libsqlite3.0.dylib */; };
/* End PBXBuildFile section */

/* Begin PBXFileReference section */
		CD91921717A642150004739D /* GHBCalLoan.app */ = {isa = PBXFileReference; explicitFileType = wrapper.application; includeInIndex = 0; path = GHBCalLoan.app; sourceTree = BUILT_PRODUCTS_DIR; };
		CD91921A17A642150004739D /* UIKit.framework */ = {isa = PBXFileReference; lastKnownFileType = wrapper.framework; name = UIKit.framework; path = System/Library/Frameworks/UIKit.framework; sourceTree = SDKROOT; };
		CD91921C17A642150004739D /* Foundation.framework */ = {isa = PBXFileReference; lastKnownFileType = wrapper.framework; name = Foundation.framework; path = System/Library/Frameworks/Foundation.framework; sourceTree = SDKROOT; };
		CD91921E17A642150004739D /* CoreGraphics.framework */ = {isa = PBXFileReference; lastKnownFileType = wrapper.framework; name = CoreGraphics.framework; path = System/Library/Frameworks/CoreGraphics.framework; sourceTree = SDKROOT; };
		CD91922217A642150004739D /* GHBCalLoan-Info.plist */ = {isa = PBXFileReference; lastKnownFileType = text.plist.xml; path = "GHBCalLoan-Info.plist"; sourceTree = "<group>"; };
		CD91922417A642150004739D /* en */ = {isa = PBXFileReference; lastKnownFileType = text.plist.strings; name = en; path = en.lproj/InfoPlist.strings; sourceTree = "<group>"; };
		CD91922617A642150004739D /* main.m */ = {isa = PBXFileReference; lastKnownFileType = sourcecode.c.objc; path = main.m; sourceTree = "<group>"; };
		CD91922817A642150004739D /* GHBCalLoan-Prefix.pch */ = {isa = PBXFileReference; lastKnownFileType = sourcecode.c.h; path = "GHBCalLoan-Prefix.pch"; sourceTree = "<group>"; };
		CD91922917A642150004739D /* GHBCalLoanAppDelegate.h */ = {isa = PBXFileReference; lastKnownFileType = sourcecode.c.h; path = GHBCalLoanAppDelegate.h; sourceTree = "<group>"; };
		CD91922A17A642150004739D /* GHBCalLoanAppDelegate.m */ = {isa = PBXFileReference; lastKnownFileType = sourcecode.c.objc; path = GHBCalLoanAppDelegate.m; sourceTree = "<group>"; };
		CD91922C17A642150004739D /* Default.png */ = {isa = PBXFileReference; lastKnownFileType = image.png; path = Default.png; sourceTree = "<group>"; };
		CD91922E17A642150004739D /* Default@2x.png */ = {isa = PBXFileReference; lastKnownFileType = image.png; path = "Default@2x.png"; sourceTree = "<group>"; };
		CD91923017A642150004739D /* Default-568h@2x.png */ = {isa = PBXFileReference; lastKnownFileType = image.png; path = "Default-568h@2x.png"; sourceTree = "<group>"; };
		CD91923317A642150004739D /* en */ = {isa = PBXFileReference; lastKnownFileType = file.storyboard; name = en; path = en.lproj/MainStoryboard.storyboard; sourceTree = "<group>"; };
		CD91923517A642150004739D /* GHBCalLoanViewController.h */ = {isa = PBXFileReference; lastKnownFileType = sourcecode.c.h; path = GHBCalLoanViewController.h; sourceTree = "<group>"; };
		CD91923617A642150004739D /* GHBCalLoanViewController.m */ = {isa = PBXFileReference; lastKnownFileType = sourcecode.c.objc; path = GHBCalLoanViewController.m; sourceTree = "<group>"; };
		F51CD74917A79C830045733D /* libsqlite3.0.dylib */ = {isa = PBXFileReference; lastKnownFileType = "compiled.mach-o.dylib"; name = libsqlite3.0.dylib; path = usr/lib/libsqlite3.0.dylib; sourceTree = SDKROOT; };
/* End PBXFileReference section */

/* Begin PBXFrameworksBuildPhase section */
		CD91921417A642150004739D /* Frameworks */ = {
			isa = PBXFrameworksBuildPhase;
			buildActionMask = 2147483647;
			files = (
				F51CD74B17A79C830045733D /* libsqlite3.0.dylib in Frameworks */,
				CD91921B17A642150004739D /* UIKit.framework in Frameworks */,
				CD91921D17A642150004739D /* Foundation.framework in Frameworks */,
				CD91921F17A642150004739D /* CoreGraphics.framework in Frameworks */,
			);
			runOnlyForDeploymentPostprocessing = 0;
		};
/* End PBXFrameworksBuildPhase section */

/* Begin PBXGroup section */
		CD91920E17A642140004739D = {
			isa = PBXGroup;
			children = (
				F51CD75117A7A4500045733D /* Resources */,
				CD91922017A642150004739D /* GHBCalLoan */,
				CD91921917A642150004739D /* Frameworks */,
				CD91921817A642150004739D /* Products */,
			);
			sourceTree = "<group>";
		};
		CD91921817A642150004739D /* Products */ = {
			isa = PBXGroup;
			children = (
				CD91921717A642150004739D /* GHBCalLoan.app */,
			);
			name = Products;
			sourceTree = "<group>";
		};
		CD91921917A642150004739D /* Frameworks */ = {
			isa = PBXGroup;
			children = (
				F51CD74917A79C830045733D /* libsqlite3.0.dylib */,
				CD91921A17A642150004739D /* UIKit.framework */,
				CD91921C17A642150004739D /* Foundation.framework */,
				CD91921E17A642150004739D /* CoreGraphics.framework */,
			);
			name = Frameworks;
			sourceTree = "<group>";
		};
		CD91922017A642150004739D /* GHBCalLoan */ = {
			isa = PBXGroup;
			children = (
				F51CD74F17A7A4230045733D /* View */,
				F51CD74E17A7A4140045733D /* Controller */,
				F51CD74D17A7A4010045733D /* Delegate */,
				CD91922117A642150004739D /* Supporting Files */,
			);
			path = GHBCalLoan;
			sourceTree = "<group>";
		};
		CD91922117A642150004739D /* Supporting Files */ = {
			isa = PBXGroup;
			children = (
				CD91922217A642150004739D /* GHBCalLoan-Info.plist */,
				CD91922317A642150004739D /* InfoPlist.strings */,
				CD91922617A642150004739D /* main.m */,
				CD91922817A642150004739D /* GHBCalLoan-Prefix.pch */,
				CD91922C17A642150004739D /* Default.png */,
				CD91922E17A642150004739D /* Default@2x.png */,
				CD91923017A642150004739D /* Default-568h@2x.png */,
			);
			name = "Supporting Files";
			sourceTree = "<group>";
		};
		F51CD74D17A7A4010045733D /* Delegate */ = {
			isa = PBXGroup;
			children = (
				CD91922917A642150004739D /* GHBCalLoanAppDelegate.h */,
				CD91922A17A642150004739D /* GHBCalLoanAppDelegate.m */,
			);
			name = Delegate;
			sourceTree = "<group>";
		};
		F51CD74E17A7A4140045733D /* Controller */ = {
			isa = PBXGroup;
			children = (
				CD91923517A642150004739D /* GHBCalLoanViewController.h */,
				CD91923617A642150004739D /* GHBCalLoanViewController.m */,
			);
			name = Controller;
			sourceTree = "<group>";
		};
		F51CD74F17A7A4230045733D /* View */ = {
			isa = PBXGroup;
			children = (
				CD91923217A642150004739D /* MainStoryboard.storyboard */,
			);
			name = View;
			sourceTree = "<group>";
		};
		F51CD75117A7A4500045733D /* Resources */ = {
			isa = PBXGroup;
			children = (
			);
			name = Resources;
			sourceTree = "<group>";
		};
/* End PBXGroup section */

/* Begin PBXNativeTarget section */
		CD91921617A642150004739D /* GHBCalLoan */ = {
			isa = PBXNativeTarget;
			buildConfigurationList = CD91923A17A642150004739D /* Build configuration list for PBXNativeTarget "GHBCalLoan" */;
			buildPhases = (
				CD91921317A642150004739D /* Sources */,
				CD91921417A642150004739D /* Frameworks */,
				CD91921517A642150004739D /* Resources */,
			);
			buildRules = (
			);
			dependencies = (
			);
			name = GHBCalLoan;
			productName = GHBCalLoan;
			productReference = CD91921717A642150004739D /* GHBCalLoan.app */;
			productType = "com.apple.product-type.application";
		};
/* End PBXNativeTarget section */

/* Begin PBXProject section */
		CD91920F17A642140004739D /* Project object */ = {
			isa = PBXProject;
			attributes = {
				CLASSPREFIX = GHBCalLoan;
				LastUpgradeCheck = 0460;
				ORGANIZATIONNAME = "GHB-MAC2";
			};
			buildConfigurationList = CD91921217A642140004739D /* Build configuration list for PBXProject "GHBCalLoan" */;
			compatibilityVersion = "Xcode 3.2";
			developmentRegion = English;
			hasScannedForEncodings = 0;
			knownRegions = (
				en,
			);
			mainGroup = CD91920E17A642140004739D;
			productRefGroup = CD91921817A642150004739D /* Products */;
			projectDirPath = "";
			projectRoot = "";
			targets = (
				CD91921617A642150004739D /* GHBCalLoan */,
			);
		};
/* End PBXProject section */

/* Begin PBXResourcesBuildPhase section */
		CD91921517A642150004739D /* Resources */ = {
			isa = PBXResourcesBuildPhase;
			buildActionMask = 2147483647;
			files = (
				CD91922517A642150004739D /* InfoPlist.strings in Resources */,
				CD91922D17A642150004739D /* Default.png in Resources */,
				CD91922F17A642150004739D /* Default@2x.png in Resources */,
				CD91923117A642150004739D /* Default-568h@2x.png in Resources */,
				CD91923417A642150004739D /* MainStoryboard.storyboard in Resources */,
			);
			runOnlyForDeploymentPostprocessing = 0;
		};
/* End PBXResourcesBuildPhase section */

/* Begin PBXSourcesBuildPhase section */
		CD91921317A642150004739D /* Sources */ = {
			isa = PBXSourcesBuildPhase;
			buildActionMask = 2147483647;
			files = (
				CD91922717A642150004739D /* main.m in Sources */,
				CD91922B17A642150004739D /* GHBCalLoanAppDelegate.m in Sources */,
				CD91923717A642150004739D /* GHBCalLoanViewController.m in Sources */,
			);
			runOnlyForDeploymentPostprocessing = 0;
		};
/* End PBXSourcesBuildPhase section */

/* Begin PBXVariantGroup section */
		CD91922317A642150004739D /* InfoPlist.strings */ = {
			isa = PBXVariantGroup;
			children = (
				CD91922417A642150004739D /* en */,
			);
			name = InfoPlist.strings;
			sourceTree = "<group>";
		};
		CD91923217A642150004739D /* MainStoryboard.storyboard */ = {
			isa = PBXVariantGroup;
			children = (
				CD91923317A642150004739D /* en */,
			);
			name = MainStoryboard.storyboard;
			sourceTree = "<group>";
		};
/* End PBXVariantGroup section */

/* Begin XCBuildConfiguration section */
		CD91923817A642150004739D /* Debug */ = {
			isa = XCBuildConfiguration;
			buildSettings = {
				ALWAYS_SEARCH_USER_PATHS = NO;
				CLANG_CXX_LANGUAGE_STANDARD = "gnu++0x";
				CLANG_CXX_LIBRARY = "libc++";
				CLANG_WARN_CONSTANT_CONVERSION = YES;
				CLANG_WARN_EMPTY_BODY = YES;
				CLANG_WARN_ENUM_CONVERSION = YES;
				CLANG_WARN_INT_CONVERSION = YES;
				CLANG_WARN__DUPLICATE_METHOD_MATCH = YES;
				"CODE_SIGN_IDENTITY[sdk=iphoneos*]" = "iPhone Developer";
				COPY_PHASE_STRIP = NO;
				GCC_C_LANGUAGE_STANDARD = gnu99;
				GCC_DYNAMIC_NO_PIC = NO;
				GCC_OPTIMIZATION_LEVEL = 0;
				GCC_PREPROCESSOR_DEFINITIONS = (
					"DEBUG=1",
					"$(inherited)",
				);
				GCC_SYMBOLS_PRIVATE_EXTERN = NO;
				GCC_WARN_ABOUT_RETURN_TYPE = YES;
				GCC_WARN_UNINITIALIZED_AUTOS = YES;
				GCC_WARN_UNUSED_VARIABLE = YES;
				IPHONEOS_DEPLOYMENT_TARGET = 6.1;
				ONLY_ACTIVE_ARCH = YES;
				SDKROOT = iphoneos;
				TARGETED_DEVICE_FAMILY = 2;
			};
			name = Debug;
		};
		CD91923917A642150004739D /* Release */ = {
			isa = XCBuildConfiguration;
			buildSettings = {
				ALWAYS_SEARCH_USER_PATHS = NO;
				CLANG_CXX_LANGUAGE_STANDARD = "gnu++0x";
				CLANG_CXX_LIBRARY = "libc++";
				CLANG_WARN_CONSTANT_CONVERSION = YES;
				CLANG_WARN_EMPTY_BODY = YES;
				CLANG_WARN_ENUM_CONVERSION = YES;
				CLANG_WARN_INT_CONVERSION = YES;
				CLANG_WARN__DUPLICATE_METHOD_MATCH = YES;
				"CODE_SIGN_IDENTITY[sdk=iphoneos*]" = "iPhone Developer";
				COPY_PHASE_STRIP = YES;
				GCC_C_LANGUAGE_STANDARD = gnu99;
				GCC_WARN_ABOUT_RETURN_TYPE = YES;
				GCC_WARN_UNINITIALIZED_AUTOS = YES;
				GCC_WARN_UNUSED_VARIABLE = YES;
				IPHONEOS_DEPLOYMENT_TARGET = 6.1;
				OTHER_CFLAGS = "-DNS_BLOCK_ASSERTIONS=1";
				SDKROOT = iphoneos;
				TARGETED_DEVICE_FAMILY = 2;
				VALIDATE_PRODUCT = YES;
			};
			name = Release;
		};
		CD91923B17A642150004739D /* Debug */ = {
			isa = XCBuildConfiguration;
			buildSettings = {
				GCC_PRECOMPILE_PREFIX_HEADER = YES;
				GCC_PREFIX_HEADER = "GHBCalLoan/GHBCalLoan-Prefix.pch";
				INFOPLIST_FILE = "GHBCalLoan/GHBCalLoan-Info.plist";
				PRODUCT_NAME = "$(TARGET_NAME)";
				WRAPPER_EXTENSION = app;
			};
			name = Debug;
		};
		CD91923C17A642150004739D /* Release */ = {
			isa = XCBuildConfiguration;
			buildSettings = {
				GCC_PRECOMPILE_PREFIX_HEADER = YES;
				GCC_PREFIX_HEADER = "GHBCalLoan/GHBCalLoan-Prefix.pch";
				INFOPLIST_FILE = "GHBCalLoan/GHBCalLoan-Info.plist";
				PRODUCT_NAME = "$(TARGET_NAME)";
				WRAPPER_EXTENSION = app;
			};
			name = Release;
		};
/* End XCBuildConfiguration section */

/* Begin XCConfigurationList section */
		CD91921217A642140004739D /* Build configuration list for PBXProject "GHBCalLoan" */ = {
			isa = XCConfigurationList;
			buildConfigurations = (
				CD91923817A642150004739D /* Debug */,
				CD91923917A642150004739D /* Release */,
			);
			defaultConfigurationIsVisible = 0;
			defaultConfigurationName = Release;
		};
		CD91923A17A642150004739D /* Build configuration list for PBXNativeTarget "GHBCalLoan" */ = {
			isa = XCConfigurationList;
			buildConfigurations = (
				CD91923B17A642150004739D /* Debug */,
				CD91923C17A642150004739D /* Release */,
			);
			defaultConfigurationIsVisible = 0;
			defaultConfigurationName = Release;
		};
/* End XCConfigurationList section */
	};
	rootObject = CD91920F17A642140004739D /* Project object */;
}
